// !$*UTF8*$!
{
	archiveVersion = 1;
	classes = {
	};
	objectVersion = 52;
	objects = {

/* Begin PBXBuildFile section */
		0B594D622522A83200694E60 /* EventCardView.swift in Sources */ = {isa = PBXBuildFile; fileRef = 0B594D612522A83100694E60 /* EventCardView.swift */; };
		0B594D652522B5D300694E60 /* Double+Currency.swift in Sources */ = {isa = PBXBuildFile; fileRef = 0B594D642522B5D300694E60 /* Double+Currency.swift */; };
		0B594D672522C52100694E60 /* Int+Date.swift in Sources */ = {isa = PBXBuildFile; fileRef = 0B594D662522C52100694E60 /* Int+Date.swift */; };
		0B7F826625256ED500884182 /* AppState.swift in Sources */ = {isa = PBXBuildFile; fileRef = 0B7F826525256ED500884182 /* AppState.swift */; };
		0B7F8268252570C700884182 /* EventDetailView.swift in Sources */ = {isa = PBXBuildFile; fileRef = 0B150A97252551A900983495 /* EventDetailView.swift */; };
		0B7F8269252570C700884182 /* EventDetailViewModel.swift in Sources */ = {isa = PBXBuildFile; fileRef = 0B150A96252551A900983495 /* EventDetailViewModel.swift */; };
		0B95A72325240CEF0080ACCF /* ImageDownloadAdapter.swift in Sources */ = {isa = PBXBuildFile; fileRef = 0B95A72225240CEF0080ACCF /* ImageDownloadAdapter.swift */; };
		0B95A726252416B60080ACCF /* PhotoView.swift in Sources */ = {isa = PBXBuildFile; fileRef = 0B95A725252416B60080ACCF /* PhotoView.swift */; };
		0B95A728252417830080ACCF /* DownloadPhotoView.swift in Sources */ = {isa = PBXBuildFile; fileRef = 0B95A727252417830080ACCF /* DownloadPhotoView.swift */; };
		0B95A72C25248E690080ACCF /* EventCardViewModel.swift in Sources */ = {isa = PBXBuildFile; fileRef = 0B95A72B25248E690080ACCF /* EventCardViewModel.swift */; };
		0BC21E66252603F60048EDD7 /* LocationView.swift in Sources */ = {isa = PBXBuildFile; fileRef = 0BC21E65252603F60048EDD7 /* LocationView.swift */; };
		0BC21E6825260FEB0048EDD7 /* TitleDescriptionRow.swift in Sources */ = {isa = PBXBuildFile; fileRef = 0BC21E6725260FEB0048EDD7 /* TitleDescriptionRow.swift */; };
		0BC21E6C252617030048EDD7 /* EventDetailHeaderView.swift in Sources */ = {isa = PBXBuildFile; fileRef = 0BC21E6A252611500048EDD7 /* EventDetailHeaderView.swift */; };
		0BC21E6D252617030048EDD7 /* EventDetailHeaderViewModel.swift in Sources */ = {isa = PBXBuildFile; fileRef = 0BC21E6B252611510048EDD7 /* EventDetailHeaderViewModel.swift */; };
		0BC21E6F2526315B0048EDD7 /* PersonView.swift in Sources */ = {isa = PBXBuildFile; fileRef = 0BC21E6E2526315B0048EDD7 /* PersonView.swift */; };
		0BC21E71252631770048EDD7 /* PersonVIewModel.swift in Sources */ = {isa = PBXBuildFile; fileRef = 0BC21E70252631770048EDD7 /* PersonVIewModel.swift */; };
		0BC21E7325269DDE0048EDD7 /* LoadingView.swift in Sources */ = {isa = PBXBuildFile; fileRef = 0BC21E7225269DDE0048EDD7 /* LoadingView.swift */; };
		0BC21E752526A2F40048EDD7 /* Image+placeholders.swift in Sources */ = {isa = PBXBuildFile; fileRef = 0BC21E742526A2F40048EDD7 /* Image+placeholders.swift */; };
		0BED4FA525200A3900E2525D /* EventsView.swift in Sources */ = {isa = PBXBuildFile; fileRef = 0BED4FA425200A3900E2525D /* EventsView.swift */; };
		0BED4FA72520241400E2525D /* EventsViewModel.swift in Sources */ = {isa = PBXBuildFile; fileRef = 0BED4FA62520241400E2525D /* EventsViewModel.swift */; };
		0BED4FAA252024F200E2525D /* DataState.swift in Sources */ = {isa = PBXBuildFile; fileRef = 0BED4FA9252024F200E2525D /* DataState.swift */; };
		0BED4FAD25202C5600E2525D /* HexagonalArchtecture in Frameworks */ = {isa = PBXBuildFile; productRef = 0BED4FAC25202C5600E2525D /* HexagonalArchtecture */; };
		0BED4FB22520A8A600E2525D /* EventsAdapter.swift in Sources */ = {isa = PBXBuildFile; fileRef = 0BED4FB12520A8A600E2525D /* EventsAdapter.swift */; };
		0BED4FB52520A9C000E2525D /* Event.swift in Sources */ = {isa = PBXBuildFile; fileRef = 0BED4FB42520A9C000E2525D /* Event.swift */; };
		0BF1339F251FD87300842E8B /* AppDelegate.swift in Sources */ = {isa = PBXBuildFile; fileRef = 0BF1339E251FD87300842E8B /* AppDelegate.swift */; };
		0BF133A1251FD87300842E8B /* SceneDelegate.swift in Sources */ = {isa = PBXBuildFile; fileRef = 0BF133A0251FD87300842E8B /* SceneDelegate.swift */; };
		0BF133A3251FD87300842E8B /* AppMainView.swift in Sources */ = {isa = PBXBuildFile; fileRef = 0BF133A2251FD87300842E8B /* AppMainView.swift */; };
		0BF133A5251FD87700842E8B /* Assets.xcassets in Resources */ = {isa = PBXBuildFile; fileRef = 0BF133A4251FD87700842E8B /* Assets.xcassets */; };
		0BF133A8251FD87700842E8B /* Preview Assets.xcassets in Resources */ = {isa = PBXBuildFile; fileRef = 0BF133A7251FD87700842E8B /* Preview Assets.xcassets */; };
		0BF133AB251FD87700842E8B /* LaunchScreen.storyboard in Resources */ = {isa = PBXBuildFile; fileRef = 0BF133A9251FD87700842E8B /* LaunchScreen.storyboard */; };
/* End PBXBuildFile section */

/* Begin PBXFileReference section */
		0B150A96252551A900983495 /* EventDetailViewModel.swift */ = {isa = PBXFileReference; lastKnownFileType = sourcecode.swift; path = EventDetailViewModel.swift; sourceTree = "<group>"; };
		0B150A97252551A900983495 /* EventDetailView.swift */ = {isa = PBXFileReference; lastKnownFileType = sourcecode.swift; path = EventDetailView.swift; sourceTree = "<group>"; };
		0B594D612522A83100694E60 /* EventCardView.swift */ = {isa = PBXFileReference; lastKnownFileType = sourcecode.swift; path = EventCardView.swift; sourceTree = "<group>"; };
		0B594D642522B5D300694E60 /* Double+Currency.swift */ = {isa = PBXFileReference; lastKnownFileType = sourcecode.swift; path = "Double+Currency.swift"; sourceTree = "<group>"; };
		0B594D662522C52100694E60 /* Int+Date.swift */ = {isa = PBXFileReference; lastKnownFileType = sourcecode.swift; path = "Int+Date.swift"; sourceTree = "<group>"; };
		0B7F826525256ED500884182 /* AppState.swift */ = {isa = PBXFileReference; lastKnownFileType = sourcecode.swift; path = AppState.swift; sourceTree = "<group>"; };
		0B95A72225240CEF0080ACCF /* ImageDownloadAdapter.swift */ = {isa = PBXFileReference; lastKnownFileType = sourcecode.swift; path = ImageDownloadAdapter.swift; sourceTree = "<group>"; };
		0B95A725252416B60080ACCF /* PhotoView.swift */ = {isa = PBXFileReference; lastKnownFileType = sourcecode.swift; path = PhotoView.swift; sourceTree = "<group>"; };
		0B95A727252417830080ACCF /* DownloadPhotoView.swift */ = {isa = PBXFileReference; lastKnownFileType = sourcecode.swift; path = DownloadPhotoView.swift; sourceTree = "<group>"; };
		0B95A72B25248E690080ACCF /* EventCardViewModel.swift */ = {isa = PBXFileReference; lastKnownFileType = sourcecode.swift; path = EventCardViewModel.swift; sourceTree = "<group>"; };
		0BC21E65252603F60048EDD7 /* LocationView.swift */ = {isa = PBXFileReference; lastKnownFileType = sourcecode.swift; path = LocationView.swift; sourceTree = "<group>"; };
		0BC21E6725260FEB0048EDD7 /* TitleDescriptionRow.swift */ = {isa = PBXFileReference; lastKnownFileType = sourcecode.swift; path = TitleDescriptionRow.swift; sourceTree = "<group>"; };
		0BC21E6A252611500048EDD7 /* EventDetailHeaderView.swift */ = {isa = PBXFileReference; lastKnownFileType = sourcecode.swift; path = EventDetailHeaderView.swift; sourceTree = "<group>"; };
		0BC21E6B252611510048EDD7 /* EventDetailHeaderViewModel.swift */ = {isa = PBXFileReference; lastKnownFileType = sourcecode.swift; path = EventDetailHeaderViewModel.swift; sourceTree = "<group>"; };
		0BC21E6E2526315B0048EDD7 /* PersonView.swift */ = {isa = PBXFileReference; lastKnownFileType = sourcecode.swift; path = PersonView.swift; sourceTree = "<group>"; };
		0BC21E70252631770048EDD7 /* PersonVIewModel.swift */ = {isa = PBXFileReference; lastKnownFileType = sourcecode.swift; path = PersonVIewModel.swift; sourceTree = "<group>"; };
		0BC21E7225269DDE0048EDD7 /* LoadingView.swift */ = {isa = PBXFileReference; lastKnownFileType = sourcecode.swift; path = LoadingView.swift; sourceTree = "<group>"; };
		0BC21E742526A2F40048EDD7 /* Image+placeholders.swift */ = {isa = PBXFileReference; lastKnownFileType = sourcecode.swift; path = "Image+placeholders.swift"; sourceTree = "<group>"; };
		0BED4FA425200A3900E2525D /* EventsView.swift */ = {isa = PBXFileReference; lastKnownFileType = sourcecode.swift; path = EventsView.swift; sourceTree = "<group>"; };
		0BED4FA62520241400E2525D /* EventsViewModel.swift */ = {isa = PBXFileReference; lastKnownFileType = sourcecode.swift; path = EventsViewModel.swift; sourceTree = "<group>"; };
		0BED4FA9252024F200E2525D /* DataState.swift */ = {isa = PBXFileReference; lastKnownFileType = sourcecode.swift; path = DataState.swift; sourceTree = "<group>"; };
		0BED4FB12520A8A600E2525D /* EventsAdapter.swift */ = {isa = PBXFileReference; lastKnownFileType = sourcecode.swift; path = EventsAdapter.swift; sourceTree = "<group>"; };
		0BED4FB42520A9C000E2525D /* Event.swift */ = {isa = PBXFileReference; lastKnownFileType = sourcecode.swift; path = Event.swift; sourceTree = "<group>"; };
		0BF1339B251FD87300842E8B /* EventsApp.app */ = {isa = PBXFileReference; explicitFileType = wrapper.application; includeInIndex = 0; path = EventsApp.app; sourceTree = BUILT_PRODUCTS_DIR; };
		0BF1339E251FD87300842E8B /* AppDelegate.swift */ = {isa = PBXFileReference; lastKnownFileType = sourcecode.swift; path = AppDelegate.swift; sourceTree = "<group>"; };
		0BF133A0251FD87300842E8B /* SceneDelegate.swift */ = {isa = PBXFileReference; lastKnownFileType = sourcecode.swift; path = SceneDelegate.swift; sourceTree = "<group>"; };
		0BF133A2251FD87300842E8B /* AppMainView.swift */ = {isa = PBXFileReference; lastKnownFileType = sourcecode.swift; path = AppMainView.swift; sourceTree = "<group>"; };
		0BF133A4251FD87700842E8B /* Assets.xcassets */ = {isa = PBXFileReference; lastKnownFileType = folder.assetcatalog; path = Assets.xcassets; sourceTree = "<group>"; };
		0BF133A7251FD87700842E8B /* Preview Assets.xcassets */ = {isa = PBXFileReference; lastKnownFileType = folder.assetcatalog; path = "Preview Assets.xcassets"; sourceTree = "<group>"; };
		0BF133AA251FD87700842E8B /* Base */ = {isa = PBXFileReference; lastKnownFileType = file.storyboard; name = Base; path = Base.lproj/LaunchScreen.storyboard; sourceTree = "<group>"; };
		0BF133AC251FD87700842E8B /* Info.plist */ = {isa = PBXFileReference; lastKnownFileType = text.plist.xml; path = Info.plist; sourceTree = "<group>"; };
/* End PBXFileReference section */

/* Begin PBXFrameworksBuildPhase section */
		0BF13398251FD87300842E8B /* Frameworks */ = {
			isa = PBXFrameworksBuildPhase;
			buildActionMask = 2147483647;
			files = (
				0BED4FAD25202C5600E2525D /* HexagonalArchtecture in Frameworks */,
			);
			runOnlyForDeploymentPostprocessing = 0;
		};
/* End PBXFrameworksBuildPhase section */

/* Begin PBXGroup section */
		0B150A9525254B9D00983495 /* EventDetail */ = {
			isa = PBXGroup;
			children = (
				0BC21E69252610EE0048EDD7 /* Components */,
				0B150A97252551A900983495 /* EventDetailView.swift */,
				0B150A96252551A900983495 /* EventDetailViewModel.swift */,
			);
			path = EventDetail;
			sourceTree = "<group>";
		};
		0B150A982525550F00983495 /* AppMainView */ = {
			isa = PBXGroup;
			children = (
				0BF133A2251FD87300842E8B /* AppMainView.swift */,
			);
			path = AppMainView;
			sourceTree = "<group>";
		};
		0B594D602522A80400694E60 /* Components */ = {
			isa = PBXGroup;
			children = (
				0B594D612522A83100694E60 /* EventCardView.swift */,
				0B95A72B25248E690080ACCF /* EventCardViewModel.swift */,
			);
			path = Components;
			sourceTree = "<group>";
		};
		0B594D632522B5BA00694E60 /* Extensions */ = {
			isa = PBXGroup;
			children = (
				0B594D662522C52100694E60 /* Int+Date.swift */,
				0B594D642522B5D300694E60 /* Double+Currency.swift */,
				0BC21E742526A2F40048EDD7 /* Image+placeholders.swift */,
			);
			path = Extensions;
			sourceTree = "<group>";
		};
		0B7F250E252601FC0087404A /* UI */ = {
			isa = PBXGroup;
			children = (
				0B95A72425240F970080ACCF /* Components */,
				0BED4FA225200A1200E2525D /* Scenes */,
			);
			path = UI;
			sourceTree = "<group>";
		};
		0B95A72425240F970080ACCF /* Components */ = {
			isa = PBXGroup;
			children = (
				0B95A725252416B60080ACCF /* PhotoView.swift */,
				0BC21E6725260FEB0048EDD7 /* TitleDescriptionRow.swift */,
				0B95A727252417830080ACCF /* DownloadPhotoView.swift */,
				0BC21E65252603F60048EDD7 /* LocationView.swift */,
				0BC21E7225269DDE0048EDD7 /* LoadingView.swift */,
			);
			path = Components;
			sourceTree = "<group>";
		};
		0BC21E69252610EE0048EDD7 /* Components */ = {
			isa = PBXGroup;
			children = (
				0BC21E6A252611500048EDD7 /* EventDetailHeaderView.swift */,
				0BC21E6B252611510048EDD7 /* EventDetailHeaderViewModel.swift */,
				0BC21E6E2526315B0048EDD7 /* PersonView.swift */,
				0BC21E70252631770048EDD7 /* PersonVIewModel.swift */,
			);
			path = Components;
			sourceTree = "<group>";
		};
		0BED4FA225200A1200E2525D /* Scenes */ = {
			isa = PBXGroup;
			children = (
				0B150A982525550F00983495 /* AppMainView */,
				0BED4FA325200A1E00E2525D /* Events */,
				0B150A9525254B9D00983495 /* EventDetail */,
			);
			path = Scenes;
			sourceTree = "<group>";
		};
		0BED4FA325200A1E00E2525D /* Events */ = {
			isa = PBXGroup;
			children = (
				0B594D602522A80400694E60 /* Components */,
				0BED4FA425200A3900E2525D /* EventsView.swift */,
				0BED4FA62520241400E2525D /* EventsViewModel.swift */,
			);
			path = Events;
			sourceTree = "<group>";
		};
		0BED4FA8252024CF00E2525D /* Data */ = {
			isa = PBXGroup;
			children = (
				0BED4FA9252024F200E2525D /* DataState.swift */,
				0B7F826525256ED500884182 /* AppState.swift */,
			);
			path = Data;
			sourceTree = "<group>";
		};
		0BED4FAB25202C5600E2525D /* Frameworks */ = {
			isa = PBXGroup;
			children = (
			);
			name = Frameworks;
			sourceTree = "<group>";
		};
		0BED4FB02520A86500E2525D /* Adapters */ = {
			isa = PBXGroup;
			children = (
				0BED4FB12520A8A600E2525D /* EventsAdapter.swift */,
				0B95A72225240CEF0080ACCF /* ImageDownloadAdapter.swift */,
			);
			path = Adapters;
			sourceTree = "<group>";
		};
		0BED4FB32520A8E700E2525D /* Model */ = {
			isa = PBXGroup;
			children = (
				0BED4FB42520A9C000E2525D /* Event.swift */,
			);
			path = Model;
			sourceTree = "<group>";
		};
		0BF13392251FD87300842E8B = {
			isa = PBXGroup;
			children = (
				0BF1339D251FD87300842E8B /* App */,
				0BF1339C251FD87300842E8B /* Products */,
				0BED4FAB25202C5600E2525D /* Frameworks */,
			);
			sourceTree = "<group>";
		};
		0BF1339C251FD87300842E8B /* Products */ = {
			isa = PBXGroup;
			children = (
				0BF1339B251FD87300842E8B /* EventsApp.app */,
			);
			name = Products;
			sourceTree = "<group>";
		};
		0BF1339D251FD87300842E8B /* App */ = {
			isa = PBXGroup;
			children = (
				0BED4FB02520A86500E2525D /* Adapters */,
				0BED4FA8252024CF00E2525D /* Data */,
				0B594D632522B5BA00694E60 /* Extensions */,
				0BED4FB32520A8E700E2525D /* Model */,
				0B7F250E252601FC0087404A /* UI */,
				0BF1339E251FD87300842E8B /* AppDelegate.swift */,
				0BF133A0251FD87300842E8B /* SceneDelegate.swift */,
				0BF133A4251FD87700842E8B /* Assets.xcassets */,
				0BF133A9251FD87700842E8B /* LaunchScreen.storyboard */,
				0BF133AC251FD87700842E8B /* Info.plist */,
				0BF133A6251FD87700842E8B /* Preview Content */,
			);
			path = App;
			sourceTree = "<group>";
		};
		0BF133A6251FD87700842E8B /* Preview Content */ = {
			isa = PBXGroup;
			children = (
				0BF133A7251FD87700842E8B /* Preview Assets.xcassets */,
			);
			path = "Preview Content";
			sourceTree = "<group>";
		};
/* End PBXGroup section */

/* Begin PBXNativeTarget section */
		0BF1339A251FD87300842E8B /* EventsApp */ = {
			isa = PBXNativeTarget;
			buildConfigurationList = 0BF133AF251FD87700842E8B /* Build configuration list for PBXNativeTarget "EventsApp" */;
			buildPhases = (
				0BF13397251FD87300842E8B /* Sources */,
				0BF13398251FD87300842E8B /* Frameworks */,
				0BF13399251FD87300842E8B /* Resources */,
			);
			buildRules = (
			);
			dependencies = (
			);
			name = EventsApp;
			packageProductDependencies = (
				0BED4FAC25202C5600E2525D /* HexagonalArchtecture */,
			);
			productName = EventsApp;
			productReference = 0BF1339B251FD87300842E8B /* EventsApp.app */;
			productType = "com.apple.product-type.application";
		};
/* End PBXNativeTarget section */

/* Begin PBXProject section */
		0BF13393251FD87300842E8B /* Project object */ = {
			isa = PBXProject;
			attributes = {
				LastSwiftUpdateCheck = 1170;
				LastUpgradeCheck = 1170;
				ORGANIZATIONNAME = User;
				TargetAttributes = {
					0BF1339A251FD87300842E8B = {
						CreatedOnToolsVersion = 11.7;
					};
				};
			};
			buildConfigurationList = 0BF13396251FD87300842E8B /* Build configuration list for PBXProject "EventsApp" */;
			compatibilityVersion = "Xcode 9.3";
			developmentRegion = en;
			hasScannedForEncodings = 0;
			knownRegions = (
				en,
				Base,
			);
			mainGroup = 0BF13392251FD87300842E8B;
			productRefGroup = 0BF1339C251FD87300842E8B /* Products */;
			projectDirPath = "";
			projectRoot = "";
			targets = (
				0BF1339A251FD87300842E8B /* EventsApp */,
			);
		};
/* End PBXProject section */

/* Begin PBXResourcesBuildPhase section */
		0BF13399251FD87300842E8B /* Resources */ = {
			isa = PBXResourcesBuildPhase;
			buildActionMask = 2147483647;
			files = (
				0BF133AB251FD87700842E8B /* LaunchScreen.storyboard in Resources */,
				0BF133A8251FD87700842E8B /* Preview Assets.xcassets in Resources */,
				0BF133A5251FD87700842E8B /* Assets.xcassets in Resources */,
			);
			runOnlyForDeploymentPostprocessing = 0;
		};
/* End PBXResourcesBuildPhase section */

/* Begin PBXSourcesBuildPhase section */
		0BF13397251FD87300842E8B /* Sources */ = {
			isa = PBXSourcesBuildPhase;
			buildActionMask = 2147483647;
			files = (
				0B594D672522C52100694E60 /* Int+Date.swift in Sources */,
				0B95A726252416B60080ACCF /* PhotoView.swift in Sources */,
				0BED4FB52520A9C000E2525D /* Event.swift in Sources */,
				0BC21E71252631770048EDD7 /* PersonVIewModel.swift in Sources */,
				0BED4FA72520241400E2525D /* EventsViewModel.swift in Sources */,
				0BF1339F251FD87300842E8B /* AppDelegate.swift in Sources */,
				0B7F8268252570C700884182 /* EventDetailView.swift in Sources */,
				0BC21E6D252617030048EDD7 /* EventDetailHeaderViewModel.swift in Sources */,
				0B95A728252417830080ACCF /* DownloadPhotoView.swift in Sources */,
				0B594D622522A83200694E60 /* EventCardView.swift in Sources */,
				0B7F8269252570C700884182 /* EventDetailViewModel.swift in Sources */,
				0BC21E752526A2F40048EDD7 /* Image+placeholders.swift in Sources */,
				0BF133A1251FD87300842E8B /* SceneDelegate.swift in Sources */,
				0B594D652522B5D300694E60 /* Double+Currency.swift in Sources */,
				0BED4FB22520A8A600E2525D /* EventsAdapter.swift in Sources */,
				0B95A72C25248E690080ACCF /* EventCardViewModel.swift in Sources */,
				0B7F826625256ED500884182 /* AppState.swift in Sources */,
				0BC21E6C252617030048EDD7 /* EventDetailHeaderView.swift in Sources */,
				0BED4FAA252024F200E2525D /* DataState.swift in Sources */,
				0BC21E7325269DDE0048EDD7 /* LoadingView.swift in Sources */,
				0B95A72325240CEF0080ACCF /* ImageDownloadAdapter.swift in Sources */,
				0BF133A3251FD87300842E8B /* AppMainView.swift in Sources */,
				0BC21E6F2526315B0048EDD7 /* PersonView.swift in Sources */,
				0BC21E66252603F60048EDD7 /* LocationView.swift in Sources */,
				0BC21E6825260FEB0048EDD7 /* TitleDescriptionRow.swift in Sources */,
				0BED4FA525200A3900E2525D /* EventsView.swift in Sources */,
			);
			runOnlyForDeploymentPostprocessing = 0;
		};
/* End PBXSourcesBuildPhase section */

/* Begin PBXVariantGroup section */
		0BF133A9251FD87700842E8B /* LaunchScreen.storyboard */ = {
			isa = PBXVariantGroup;
			children = (
				0BF133AA251FD87700842E8B /* Base */,
			);
			name = LaunchScreen.storyboard;
			sourceTree = "<group>";
		};
/* End PBXVariantGroup section */

/* Begin XCBuildConfiguration section */
		0BF133AD251FD87700842E8B /* Debug */ = {
			isa = XCBuildConfiguration;
			buildSettings = {
				ALWAYS_SEARCH_USER_PATHS = NO;
				CLANG_ANALYZER_NONNULL = YES;
				CLANG_ANALYZER_NUMBER_OBJECT_CONVERSION = YES_AGGRESSIVE;
				CLANG_CXX_LANGUAGE_STANDARD = "gnu++14";
				CLANG_CXX_LIBRARY = "libc++";
				CLANG_ENABLE_MODULES = YES;
				CLANG_ENABLE_OBJC_ARC = YES;
				CLANG_ENABLE_OBJC_WEAK = YES;
				CLANG_WARN_BLOCK_CAPTURE_AUTORELEASING = YES;
				CLANG_WARN_BOOL_CONVERSION = YES;
				CLANG_WARN_COMMA = YES;
				CLANG_WARN_CONSTANT_CONVERSION = YES;
				CLANG_WARN_DEPRECATED_OBJC_IMPLEMENTATIONS = YES;
				CLANG_WARN_DIRECT_OBJC_ISA_USAGE = YES_ERROR;
				CLANG_WARN_DOCUMENTATION_COMMENTS = YES;
				CLANG_WARN_EMPTY_BODY = YES;
				CLANG_WARN_ENUM_CONVERSION = YES;
				CLANG_WARN_INFINITE_RECURSION = YES;
				CLANG_WARN_INT_CONVERSION = YES;
				CLANG_WARN_NON_LITERAL_NULL_CONVERSION = YES;
				CLANG_WARN_OBJC_IMPLICIT_RETAIN_SELF = YES;
				CLANG_WARN_OBJC_LITERAL_CONVERSION = YES;
				CLANG_WARN_OBJC_ROOT_CLASS = YES_ERROR;
				CLANG_WARN_RANGE_LOOP_ANALYSIS = YES;
				CLANG_WARN_STRICT_PROTOTYPES = YES;
				CLANG_WARN_SUSPICIOUS_MOVE = YES;
				CLANG_WARN_UNGUARDED_AVAILABILITY = YES_AGGRESSIVE;
				CLANG_WARN_UNREACHABLE_CODE = YES;
				CLANG_WARN__DUPLICATE_METHOD_MATCH = YES;
				COPY_PHASE_STRIP = NO;
				DEBUG_INFORMATION_FORMAT = dwarf;
				ENABLE_STRICT_OBJC_MSGSEND = YES;
				ENABLE_TESTABILITY = YES;
				GCC_C_LANGUAGE_STANDARD = gnu11;
				GCC_DYNAMIC_NO_PIC = NO;
				GCC_NO_COMMON_BLOCKS = YES;
				GCC_OPTIMIZATION_LEVEL = 0;
				GCC_PREPROCESSOR_DEFINITIONS = (
					"DEBUG=1",
					"$(inherited)",
				);
				GCC_WARN_64_TO_32_BIT_CONVERSION = YES;
				GCC_WARN_ABOUT_RETURN_TYPE = YES_ERROR;
				GCC_WARN_UNDECLARED_SELECTOR = YES;
				GCC_WARN_UNINITIALIZED_AUTOS = YES_AGGRESSIVE;
				GCC_WARN_UNUSED_FUNCTION = YES;
				GCC_WARN_UNUSED_VARIABLE = YES;
				IPHONEOS_DEPLOYMENT_TARGET = 13.7;
				MTL_ENABLE_DEBUG_INFO = INCLUDE_SOURCE;
				MTL_FAST_MATH = YES;
				ONLY_ACTIVE_ARCH = YES;
				SDKROOT = iphoneos;
				SWIFT_ACTIVE_COMPILATION_CONDITIONS = DEBUG;
				SWIFT_OPTIMIZATION_LEVEL = "-Onone";
			};
			name = Debug;
		};
		0BF133AE251FD87700842E8B /* Release */ = {
			isa = XCBuildConfiguration;
			buildSettings = {
				ALWAYS_SEARCH_USER_PATHS = NO;
				CLANG_ANALYZER_NONNULL = YES;
				CLANG_ANALYZER_NUMBER_OBJECT_CONVERSION = YES_AGGRESSIVE;
				CLANG_CXX_LANGUAGE_STANDARD = "gnu++14";
				CLANG_CXX_LIBRARY = "libc++";
				CLANG_ENABLE_MODULES = YES;
				CLANG_ENABLE_OBJC_ARC = YES;
				CLANG_ENABLE_OBJC_WEAK = YES;
				CLANG_WARN_BLOCK_CAPTURE_AUTORELEASING = YES;
				CLANG_WARN_BOOL_CONVERSION = YES;
				CLANG_WARN_COMMA = YES;
				CLANG_WARN_CONSTANT_CONVERSION = YES;
				CLANG_WARN_DEPRECATED_OBJC_IMPLEMENTATIONS = YES;
				CLANG_WARN_DIRECT_OBJC_ISA_USAGE = YES_ERROR;
				CLANG_WARN_DOCUMENTATION_COMMENTS = YES;
				CLANG_WARN_EMPTY_BODY = YES;
				CLANG_WARN_ENUM_CONVERSION = YES;
				CLANG_WARN_INFINITE_RECURSION = YES;
				CLANG_WARN_INT_CONVERSION = YES;
				CLANG_WARN_NON_LITERAL_NULL_CONVERSION = YES;
				CLANG_WARN_OBJC_IMPLICIT_RETAIN_SELF = YES;
				CLANG_WARN_OBJC_LITERAL_CONVERSION = YES;
				CLANG_WARN_OBJC_ROOT_CLASS = YES_ERROR;
				CLANG_WARN_RANGE_LOOP_ANALYSIS = YES;
				CLANG_WARN_STRICT_PROTOTYPES = YES;
				CLANG_WARN_SUSPICIOUS_MOVE = YES;
				CLANG_WARN_UNGUARDED_AVAILABILITY = YES_AGGRESSIVE;
				CLANG_WARN_UNREACHABLE_CODE = YES;
				CLANG_WARN__DUPLICATE_METHOD_MATCH = YES;
				COPY_PHASE_STRIP = NO;
				DEBUG_INFORMATION_FORMAT = "dwarf-with-dsym";
				ENABLE_NS_ASSERTIONS = NO;
				ENABLE_STRICT_OBJC_MSGSEND = YES;
				GCC_C_LANGUAGE_STANDARD = gnu11;
				GCC_NO_COMMON_BLOCKS = YES;
				GCC_WARN_64_TO_32_BIT_CONVERSION = YES;
				GCC_WARN_ABOUT_RETURN_TYPE = YES_ERROR;
				GCC_WARN_UNDECLARED_SELECTOR = YES;
				GCC_WARN_UNINITIALIZED_AUTOS = YES_AGGRESSIVE;
				GCC_WARN_UNUSED_FUNCTION = YES;
				GCC_WARN_UNUSED_VARIABLE = YES;
				IPHONEOS_DEPLOYMENT_TARGET = 13.7;
				MTL_ENABLE_DEBUG_INFO = NO;
				MTL_FAST_MATH = YES;
				SDKROOT = iphoneos;
				SWIFT_COMPILATION_MODE = wholemodule;
				SWIFT_OPTIMIZATION_LEVEL = "-O";
				VALIDATE_PRODUCT = YES;
			};
			name = Release;
		};
		0BF133B0251FD87700842E8B /* Debug */ = {
			isa = XCBuildConfiguration;
			buildSettings = {
				ASSETCATALOG_COMPILER_APPICON_NAME = AppIcon;
				CODE_SIGN_STYLE = Automatic;
				DEVELOPMENT_ASSET_PATHS = "\"App/Preview Content\"";
				ENABLE_PREVIEWS = YES;
				INFOPLIST_FILE = "$(SRCROOT)/App/Info.plist";
				LD_RUNPATH_SEARCH_PATHS = (
					"$(inherited)",
					"@executable_path/Frameworks",
				);
				PRODUCT_BUNDLE_IDENTIFIER = exe.dede.EventsApp;
				PRODUCT_NAME = "$(TARGET_NAME)";
				SWIFT_VERSION = 5.0;
				TARGETED_DEVICE_FAMILY = "1,2";
			};
			name = Debug;
		};
		0BF133B1251FD87700842E8B /* Release */ = {
			isa = XCBuildConfiguration;
			buildSettings = {
				ASSETCATALOG_COMPILER_APPICON_NAME = AppIcon;
				CODE_SIGN_STYLE = Automatic;
				DEVELOPMENT_ASSET_PATHS = "\"App/Preview Content\"";
				ENABLE_PREVIEWS = YES;
				INFOPLIST_FILE = "$(SRCROOT)/App/Info.plist";
				LD_RUNPATH_SEARCH_PATHS = (
					"$(inherited)",
					"@executable_path/Frameworks",
				);
				PRODUCT_BUNDLE_IDENTIFIER = exe.dede.EventsApp;
				PRODUCT_NAME = "$(TARGET_NAME)";
				SWIFT_VERSION = 5.0;
				TARGETED_DEVICE_FAMILY = "1,2";
			};
			name = Release;
		};
/* End XCBuildConfiguration section */

/* Begin XCConfigurationList section */
		0BF13396251FD87300842E8B /* Build configuration list for PBXProject "EventsApp" */ = {
			isa = XCConfigurationList;
			buildConfigurations = (
				0BF133AD251FD87700842E8B /* Debug */,
				0BF133AE251FD87700842E8B /* Release */,
			);
			defaultConfigurationIsVisible = 0;
			defaultConfigurationName = Release;
		};
		0BF133AF251FD87700842E8B /* Build configuration list for PBXNativeTarget "EventsApp" */ = {
			isa = XCConfigurationList;
			buildConfigurations = (
				0BF133B0251FD87700842E8B /* Debug */,
				0BF133B1251FD87700842E8B /* Release */,
			);
			defaultConfigurationIsVisible = 0;
			defaultConfigurationName = Release;
		};
/* End XCConfigurationList section */

/* Begin XCSwiftPackageProductDependency section */
		0BED4FAC25202C5600E2525D /* HexagonalArchtecture */ = {
			isa = XCSwiftPackageProductDependency;
			productName = HexagonalArchtecture;
		};
/* End XCSwiftPackageProductDependency section */
	};
	rootObject = 0BF13393251FD87300842E8B /* Project object */;
}
